
Microsoft Visual Studio Solution File, Format Version 12.00
# Visual Studio Version 17
VisualStudioVersion = 17.4.33213.308
MinimumVisualStudioVersion = 10.0.40219.1
Project("{FAE04EC0-301F-11D3-BF4B-00C04F79EFBC}") = "TesteTecnico", "TesteTecnico\TesteTecnico.csproj", "{63EA3707-3EC7-403B-B4A1-C812E7566C89}"
EndProject
Global
	GlobalSection(SolutionConfigurationPlatforms) = preSolution
		Debug|Any CPU = Debug|Any CPU
		Release|Any CPU = Release|Any CPU
	EndGlobalSection
	GlobalSection(ProjectConfigurationPlatforms) = postSolution
		{63EA3707-3EC7-403B-B4A1-C812E7566C89}.Debug|Any CPU.ActiveCfg = Debug|Any CPU
		{63EA3707-3EC7-403B-B4A1-C812E7566C89}.Debug|Any CPU.Build.0 = Debug|Any CPU
		{63EA3707-3EC7-403B-B4A1-C812E7566C89}.Release|Any CPU.ActiveCfg = Release|Any CPU
		{63EA3707-3EC7-403B-B4A1-C812E7566C89}.Release|Any CPU.Build.0 = Release|Any CPU
	EndGlobalSection
	GlobalSection(SolutionProperties) = preSolution
		HideSolutionNode = FALSE
	EndGlobalSection
	GlobalSection(ExtensibilityGlobals) = postSolution
		SolutionGuid = {F654B67E-C4C2-429B-8082-BC99C9855754}
	EndGlobalSection
EndGlobal
